
Microsoft Visual Studio Solution File, Format Version 12.00
Project("{FAE04EC0-301F-11D3-BF4B-00C04F79EFBC}") = "MilitaryStatusInquirer", "MilitaryStatusInquirer.csproj", "{E18524C9-C512-44B7-9EAB-ACEB95F0BB7E}"
EndProject
Global
	GlobalSection(SolutionConfigurationPlatforms) = preSolution
		Debug|Any CPU = Debug|Any CPU
		Release|Any CPU = Release|Any CPU
	EndGlobalSection
	GlobalSection(ProjectConfigurationPlatforms) = postSolution
		{E18524C9-C512-44B7-9EAB-ACEB95F0BB7E}.Debug|Any CPU.ActiveCfg = Debug|Any CPU
		{E18524C9-C512-44B7-9EAB-ACEB95F0BB7E}.Debug|Any CPU.Build.0 = Debug|Any CPU
		{E18524C9-C512-44B7-9EAB-ACEB95F0BB7E}.Release|Any CPU.ActiveCfg = Release|Any CPU
		{E18524C9-C512-44B7-9EAB-ACEB95F0BB7E}.Release|Any CPU.Build.0 = Release|Any CPU
	EndGlobalSection
EndGlobal
